<?xml version="1.0" encoding="utf-8"?>
<Project ToolsVersion="4.0" xmlns="http://schemas.microsoft.com/developer/msbuild/2003">
  <ItemGroup>
    <Filter Include="源文件">
      <UniqueIdentifier>{4FC737F1-C7A5-4376-A066-2A32D752A2FF}</UniqueIdentifier>
      <Extensions>cpp;c;cc;cxx;def;odl;idl;hpj;bat;asm;asmx</Extensions>
    </Filter>
    <Filter Include="头文件">
      <UniqueIdentifier>{93995380-89BD-4b04-88EB-625FBE52EBFB}</UniqueIdentifier>
      <Extensions>h;hh;hpp;hxx;hm;inl;inc;xsd</Extensions>
    </Filter>
    <Filter Include="源文件\资源文件">
      <UniqueIdentifier>{67DA6AB6-F800-4c08-8B7A-83BB121AAD01}</UniqueIdentifier>
      <Extensions>rc;ico;cur;bmp;dlg;rc2;rct;bin;rgs;gif;jpg;jpeg;jpe;resx;tiff;tif;png;wav;mfcribbon-ms</Extensions>
    </Filter>
    <Filter Include="主对话框">
      <UniqueIdentifier>{90d7a3ab-305f-4cf1-b8d8-6f32735fc159}</UniqueIdentifier>
    </Filter>
    <Filter Include="vtk">
      <UniqueIdentifier>{31de96d0-4391-45bb-af41-a67b3e8cf191}</UniqueIdentifier>
    </Filter>
    <Filter Include="Opencv">
      <UniqueIdentifier>{f250dd86-367d-4ccb-878b-1cc63169ebeb}</UniqueIdentifier>
    </Filter>
    <Filter Include="参数设置">
      <UniqueIdentifier>{32de860c-3063-454a-a1d3-fb5b92d549d2}</UniqueIdentifier>
    </Filter>
    <Filter Include="OCT">
      <UniqueIdentifier>{c2392459-c60c-4171-a98f-50645d132cae}</UniqueIdentifier>
    </Filter>
    <Filter Include="线程">
      <UniqueIdentifier>{e58c03c6-73fb-411a-9333-6d523827d729}</UniqueIdentifier>
    </Filter>
    <Filter Include="vtk\头文件">
      <UniqueIdentifier>{6a6d6ad1-1132-424b-8bb5-0055bbf12ea0}</UniqueIdentifier>
    </Filter>
    <Filter Include="vtk\源文件">
      <UniqueIdentifier>{64f6f3e5-37fb-4eb1-aa76-eae495a4c620}</UniqueIdentifier>
    </Filter>
    <Filter Include="menu">
      <UniqueIdentifier>{54351792-2ee2-491b-9630-886c14848043}</UniqueIdentifier>
    </Filter>
    <Filter Include="status">
      <UniqueIdentifier>{1e28ac77-e8d9-4019-a55a-90ff798b366b}</UniqueIdentifier>
    </Filter>
    <Filter Include="Window">
      <UniqueIdentifier>{56738239-7da8-40d2-8e80-c601cbc30669}</UniqueIdentifier>
    </Filter>
  </ItemGroup>
  <ItemGroup>
    <Text Include="ReadMe.txt" />
  </ItemGroup>
  <ItemGroup>
    <ClInclude Include="MFC_OCT.h">
      <Filter>头文件</Filter>
    </ClInclude>
    <ClInclude Include="stdafx.h">
      <Filter>头文件</Filter>
    </ClInclude>
    <ClInclude Include="targetver.h">
      <Filter>头文件</Filter>
    </ClInclude>
    <ClInclude Include="Resource.h">
      <Filter>头文件</Filter>
    </ClInclude>
    <ClInclude Include="CvImgCtrl.h">
      <Filter>头文件</Filter>
    </ClInclude>
    <ClInclude Include="MFC_OCTDlg.h">
      <Filter>主对话框</Filter>
    </ClInclude>
    <ClInclude Include="AddSheet.h">
      <Filter>参数设置</Filter>
    </ClInclude>
    <ClInclude Include="C2dParamSeting.h">
      <Filter>参数设置</Filter>
    </ClInclude>
    <ClInclude Include="C3DParaSeting.h">
      <Filter>参数设置</Filter>
    </ClInclude>
    <ClInclude Include="Dlg3DParam.h">
      <Filter>参数设置</Filter>
    </ClInclude>
    <ClInclude Include="DlgParam.h">
      <Filter>参数设置</Filter>
    </ClInclude>
    <ClInclude Include="OpencvShowVedio.h">
      <Filter>Opencv</Filter>
    </ClInclude>
    <ClInclude Include="SpectralRadar.h">
      <Filter>OCT</Filter>
    </ClInclude>
    <ClInclude Include="UIthread.h">
      <Filter>线程</Filter>
    </ClInclude>
    <ClInclude Include="RegenvtkColor.h">
      <Filter>vtk\头文件</Filter>
    </ClInclude>
    <ClInclude Include="vtkClientServerInterpreterInternals.h">
      <Filter>vtk\头文件</Filter>
    </ClInclude>
    <ClInclude Include="..\GUISupport\MFC\vtkGUISupportMFCModule.h">
      <Filter>vtk\头文件</Filter>
    </ClInclude>
    <ClInclude Include="vtkClientServerStream.h">
      <Filter>vtk\头文件</Filter>
    </ClInclude>
    <ClInclude Include="SeconedInterface.h">
      <Filter>vtk\头文件</Filter>
    </ClInclude>
    <ClInclude Include="vtkGUISupportMFCModule.h">
      <Filter>vtk</Filter>
    </ClInclude>
    <ClInclude Include="..\Global\GlobalParameter.h">
      <Filter>头文件</Filter>
    </ClInclude>
    <ClInclude Include="OCTProgressBar.h">
      <Filter>头文件</Filter>
    </ClInclude>
    <ClInclude Include="MFCVtkWindow.h">
      <Filter>头文件</Filter>
    </ClInclude>
    <ClInclude Include="..\include\vtkGUISupportMFCModule.h">
      <Filter>头文件</Filter>
    </ClInclude>
    <ClInclude Include="..\include\vtkMFCConfigure.h">
      <Filter>头文件</Filter>
    </ClInclude>
    <ClInclude Include="..\include\vtkMFCWindow.h">
      <Filter>头文件</Filter>
    </ClInclude>
    <ClInclude Include="BCGHeader.h">
      <Filter>头文件</Filter>
    </ClInclude>
    <ClInclude Include="..\menu\AutoBuildCount.h">
      <Filter>menu</Filter>
    </ClInclude>
    <ClInclude Include="..\menu\FreeMenu.h">
      <Filter>menu</Filter>
    </ClInclude>
    <ClInclude Include="..\menu\MenuItemWnd.h">
      <Filter>menu</Filter>
    </ClInclude>
    <ClInclude Include="mystatusBar.h">
      <Filter>status</Filter>
    </ClInclude>
    <ClInclude Include="BFunction.h">
      <Filter>Window</Filter>
    </ClInclude>
    <ClInclude Include="FunctionView.h">
      <Filter>Window</Filter>
    </ClInclude>
  </ItemGroup>
  <ItemGroup>
    <ClCompile Include="MFC_OCT.cpp">
      <Filter>源文件</Filter>
    </ClCompile>
    <ClCompile Include="stdafx.cpp">
      <Filter>源文件</Filter>
    </ClCompile>
    <ClCompile Include="MFC_OCTDlg.cpp">
      <Filter>主对话框</Filter>
    </ClCompile>
    <ClCompile Include="AddSheet.cpp">
      <Filter>参数设置</Filter>
    </ClCompile>
    <ClCompile Include="C2dParamSeting.cpp">
      <Filter>参数设置</Filter>
    </ClCompile>
    <ClCompile Include="C3DParaSeting.cpp">
      <Filter>参数设置</Filter>
    </ClCompile>
    <ClCompile Include="Dlg3DParam.cpp">
      <Filter>参数设置</Filter>
    </ClCompile>
    <ClCompile Include="DlgParam.cpp">
      <Filter>参数设置</Filter>
    </ClCompile>
    <ClCompile Include="OpencvShowVedio.cpp">
      <Filter>Opencv</Filter>
    </ClCompile>
    <ClCompile Include="UIthread.cpp">
      <Filter>线程</Filter>
    </ClCompile>
    <ClCompile Include="RegenvtkColor.cpp">
      <Filter>vtk\源文件</Filter>
    </ClCompile>
    <ClCompile Include="SeconedInterface.cpp">
      <Filter>vtk\源文件</Filter>
    </ClCompile>
    <ClCompile Include="vtkClientServerInterpreterInternals.cpp">
      <Filter>vtk\源文件</Filter>
    </ClCompile>
    <ClCompile Include="vtkClientServerStream.cpp">
      <Filter>vtk\源文件</Filter>
    </ClCompile>
    <ClCompile Include="OCTProgressBar.cpp">
      <Filter>源文件</Filter>
    </ClCompile>
    <ClCompile Include="MFCVtkWindow.cpp">
      <Filter>源文件</Filter>
    </ClCompile>
    <ClCompile Include="..\menu\FreeMenu.cpp">
      <Filter>menu</Filter>
    </ClCompile>
    <ClCompile Include="..\menu\MenuItemWnd.cpp">
      <Filter>menu</Filter>
    </ClCompile>
    <ClCompile Include="mystatusBar.cpp">
      <Filter>status</Filter>
    </ClCompile>
    <ClCompile Include="BFunction.cpp">
      <Filter>Window</Filter>
    </ClCompile>
    <ClCompile Include="FunctionView.cpp">
      <Filter>Window</Filter>
    </ClCompile>
  </ItemGroup>
  <ItemGroup>
    <ResourceCompile Include="MFC_OCT.rc">
      <Filter>源文件\资源文件</Filter>
    </ResourceCompile>
  </ItemGroup>
  <ItemGroup>
    <None Include="res\MFC_OCT.rc2">
      <Filter>源文件\资源文件</Filter>
    </None>
  </ItemGroup>
  <ItemGroup>
    <Image Include="res\MFC_OCT.ico">
      <Filter>源文件\资源文件</Filter>
    </Image>
    <Image Include="..\test\test.bmp">
      <Filter>源文件\资源文件</Filter>
    </Image>
    <Image Include="..\..\Project\MFC_OCT\test\test.bmp">
      <Filter>源文件\资源文件</Filter>
    </Image>
    <Image Include="..\test\TestTiff.bmp">
      <Filter>源文件\资源文件</Filter>
    </Image>
    <Image Include="icon1.ico">
      <Filter>源文件\资源文件</Filter>
    </Image>
    <Image Include="icon2.ico">
      <Filter>源文件\资源文件</Filter>
    </Image>
    <Image Include="..\icon.ico">
      <Filter>源文件\资源文件</Filter>
    </Image>
    <Image Include="..\icon32x32.ico">
      <Filter>源文件\资源文件</Filter>
    </Image>
    <Image Include="..\toolbar1.bmp">
      <Filter>源文件\资源文件</Filter>
    </Image>
  </ItemGroup>
</Project>